
Microsoft Visual Studio Solution File, Format Version 12.00
# Visual Studio Version 16
VisualStudioVersion = 16.0.808.2
MinimumVisualStudioVersion = 10.0.40219.1
Project("{FAE04EC0-301F-11D3-BF4B-00C04F79EFBC}") = "leave-management", "leave-management\leave-management.csproj", "{541B7D1F-DF12-49CF-993D-420BA166CC57}"
EndProject
Global
	GlobalSection(SolutionConfigurationPlatforms) = preSolution
		Debug|Any CPU = Debug|Any CPU
		Release|Any CPU = Release|Any CPU
	EndGlobalSection
	GlobalSection(ProjectConfigurationPlatforms) = postSolution
		{541B7D1F-DF12-49CF-993D-420BA166CC57}.Debug|Any CPU.ActiveCfg = Debug|Any CPU
		{541B7D1F-DF12-49CF-993D-420BA166CC57}.Debug|Any CPU.Build.0 = Debug|Any CPU
		{541B7D1F-DF12-49CF-993D-420BA166CC57}.Release|Any CPU.ActiveCfg = Release|Any CPU
		{541B7D1F-DF12-49CF-993D-420BA166CC57}.Release|Any CPU.Build.0 = Release|Any CPU
	EndGlobalSection
	GlobalSection(SolutionProperties) = preSolution
		HideSolutionNode = FALSE
	EndGlobalSection
	GlobalSection(ExtensibilityGlobals) = postSolution
		SolutionGuid = {CFD5E28E-4D77-4880-BD54-5D22D7D2E931}
	EndGlobalSection
EndGlobal
